version = 1
requires-python = ">=3.11"

[[package]]
name = "faker"
version = "36.1.0"
source = { registry = "https://pypi.org/simple" }
dependencies = [
    { name = "tzdata" },
]
sdist = { url = "https://files.pythonhosted.org/packages/50/00/43012033ef13ecd4bf00d8d936508a49abaf1a66f8d420db3b7aaafd42b3/faker-36.1.0.tar.gz", hash = "sha256:f40510350aecfe006f45cb3f8879b35e861367cf347f51a7f2ca2c0571fdcc0b", size = 1874804 }
wheels = [
    { url = "https://files.pythonhosted.org/packages/eb/02/72c93c1df2eff2502bfb94d6c3937192c1090c8095c389bc24533a55d327/Faker-36.1.0-py3-none-any.whl", hash = "sha256:aa0b93487d3adf7cd89953d172e3df896cb7b35d8a5222c0da873edbe2f7adf5", size = 1917678 },
]

[[package]]
name = "simulate-data"
version = "0.1.0"
source = { virtual = "." }
dependencies = [
    { name = "faker" },
]

[package.metadata]
requires-dist = [{ name = "faker", specifier = ">=36.1.0" }]

[[package]]
name = "tzdata"
version = "2025.1"
source = { registry = "https://pypi.org/simple" }
sdist = { url = "https://files.pythonhosted.org/packages/43/0f/fa4723f22942480be4ca9527bbde8d43f6c3f2fe8412f00e7f5f6746bc8b/tzdata-2025.1.tar.gz", hash = "sha256:24894909e88cdb28bd1636c6887801df64cb485bd593f2fd83ef29075a81d694", size = 194950 }
wheels = [
    { url = "https://files.pythonhosted.org/packages/0f/dd/84f10e23edd882c6f968c21c2434fe67bd4a528967067515feca9e611e5e/tzdata-2025.1-py2.py3-none-any.whl", hash = "sha256:7e127113816800496f027041c570f50bcd464a020098a3b6b199517772303639", size = 346762 },
]
